// !$*UTF8*$!
{
	archiveVersion = 1;
	classes = {
	};
	objectVersion = 46;
	objects = {

/* Begin PBXBuildFile section */
		1833E7661F30117A0002D886 /* HQUserAccount.swift in Sources */ = {isa = PBXBuildFile; fileRef = 1833E7641F30117A0002D886 /* HQUserAccount.swift */; };
		1833E7671F30117A0002D886 /* userAccount.json in Resources */ = {isa = PBXBuildFile; fileRef = 1833E7651F30117A0002D886 /* userAccount.json */; };
		1844466A1F288D24006BF41B /* AppDelegate.swift in Sources */ = {isa = PBXBuildFile; fileRef = 184446691F288D24006BF41B /* AppDelegate.swift */; };
		184446711F288D24006BF41B /* Assets.xcassets in Resources */ = {isa = PBXBuildFile; fileRef = 184446701F288D24006BF41B /* Assets.xcassets */; };
		18894D571F398F240093BB1C /* HQLoginBaseController.swift in Sources */ = {isa = PBXBuildFile; fileRef = 18894D561F398F240093BB1C /* HQLoginBaseController.swift */; };
		18A896BF1F32B6600064213B /* HQPath.swift in Sources */ = {isa = PBXBuildFile; fileRef = 18A896BE1F32B6600064213B /* HQPath.swift */; };
		18A896C31F33199B0064213B /* HQAModel.swift in Sources */ = {isa = PBXBuildFile; fileRef = 18A896C21F33199B0064213B /* HQAModel.swift */; };
		18A896C71F331ED30064213B /* HQAaModel.swift in Sources */ = {isa = PBXBuildFile; fileRef = 18A896C61F331ED30064213B /* HQAaModel.swift */; };
		18A896C91F3322730064213B /* HQAViewModel.swift in Sources */ = {isa = PBXBuildFile; fileRef = 18A896C81F3322730064213B /* HQAViewModel.swift */; };
		18C85F921F380FE500D6C620 /* HQCCell.swift in Sources */ = {isa = PBXBuildFile; fileRef = 18C85F911F380FE500D6C620 /* HQCCell.swift */; };
		18C85F941F38397300D6C620 /* HQCModel.swift in Sources */ = {isa = PBXBuildFile; fileRef = 18C85F931F38397300D6C620 /* HQCModel.swift */; };
		18C85F961F3839DD00D6C620 /* HQCViewModel.swift in Sources */ = {isa = PBXBuildFile; fileRef = 18C85F951F3839DD00D6C620 /* HQCViewModel.swift */; };
		18C85F981F385BC500D6C620 /* HQCListViewModel.swift in Sources */ = {isa = PBXBuildFile; fileRef = 18C85F971F385BC500D6C620 /* HQCListViewModel.swift */; };
		18C85F9A1F3868D200D6C620 /* HQAListViewModel.swift in Sources */ = {isa = PBXBuildFile; fileRef = 18C85F991F3868D200D6C620 /* HQAListViewModel.swift */; };
		18C85F9C1F386A7900D6C620 /* HQCDetailViewController.swift in Sources */ = {isa = PBXBuildFile; fileRef = 18C85F9B1F386A7900D6C620 /* HQCDetailViewController.swift */; };
		18C85F9E1F386AAB00D6C620 /* HQCDetailCell.swift in Sources */ = {isa = PBXBuildFile; fileRef = 18C85F9D1F386AAB00D6C620 /* HQCDetailCell.swift */; };
		18C96E471F29C9F600774ACE /* HQCommon.swift in Sources */ = {isa = PBXBuildFile; fileRef = 18C96E221F29C9F600774ACE /* HQCommon.swift */; };
		18C96E481F29C9F600774ACE /* HQBarButtonItem.swift in Sources */ = {isa = PBXBuildFile; fileRef = 18C96E241F29C9F600774ACE /* HQBarButtonItem.swift */; };
		18C96E491F29C9F600774ACE /* HQBundle.swift in Sources */ = {isa = PBXBuildFile; fileRef = 18C96E251F29C9F600774ACE /* HQBundle.swift */; };
		18C96E4A1F29C9F600774ACE /* HQButton.swift in Sources */ = {isa = PBXBuildFile; fileRef = 18C96E261F29C9F600774ACE /* HQButton.swift */; };
		18C96E4B1F29C9F600774ACE /* HQColor.swift in Sources */ = {isa = PBXBuildFile; fileRef = 18C96E271F29C9F600774ACE /* HQColor.swift */; };
		18C96E4C1F29C9F600774ACE /* HQImage.swift in Sources */ = {isa = PBXBuildFile; fileRef = 18C96E281F29C9F600774ACE /* HQImage.swift */; };
		18C96E4D1F29C9F600774ACE /* HQImageView.swift in Sources */ = {isa = PBXBuildFile; fileRef = 18C96E291F29C9F600774ACE /* HQImageView.swift */; };
		18C96E4E1F29C9F600774ACE /* HQLable.swift in Sources */ = {isa = PBXBuildFile; fileRef = 18C96E2A1F29C9F600774ACE /* HQLable.swift */; };
		18C96E4F1F29C9F600774ACE /* HQScreen.swift in Sources */ = {isa = PBXBuildFile; fileRef = 18C96E2B1F29C9F600774ACE /* HQScreen.swift */; };
		18C96E501F29C9F600774ACE /* HQTextField.swift in Sources */ = {isa = PBXBuildFile; fileRef = 18C96E2C1F29C9F600774ACE /* HQTextField.swift */; };
		18C96E511F29C9F600774ACE /* HQNetWorkManager+Extension.swift in Sources */ = {isa = PBXBuildFile; fileRef = 18C96E2E1F29C9F600774ACE /* HQNetWorkManager+Extension.swift */; };
		18C96E521F29C9F600774ACE /* HQNetWorkManager.swift in Sources */ = {isa = PBXBuildFile; fileRef = 18C96E2F1F29C9F600774ACE /* HQNetWorkManager.swift */; };
		18D82A411F3A9C5800CD95BC /* HQICell.swift in Sources */ = {isa = PBXBuildFile; fileRef = 18D82A401F3A9C5800CD95BC /* HQICell.swift */; };
		18D8CC321F3A00990094E1DA /* trainguide.html in Resources */ = {isa = PBXBuildFile; fileRef = 18D8CC311F3A00990094E1DA /* trainguide.html */; };
		18D8CC341F3A047A0094E1DA /* HQJCell.swift in Sources */ = {isa = PBXBuildFile; fileRef = 18D8CC331F3A047A0094E1DA /* HQJCell.swift */; };
		18DDAD151F30CFED00970B8A /* HQBaseViewController.swift in Sources */ = {isa = PBXBuildFile; fileRef = 18DDAD121F30CFED00970B8A /* HQBaseViewController.swift */; };
		18DDAD161F30CFED00970B8A /* HQMainViewController.swift in Sources */ = {isa = PBXBuildFile; fileRef = 18DDAD131F30CFED00970B8A /* HQMainViewController.swift */; };
		18DDAD171F30CFED00970B8A /* HQNavigationController.swift in Sources */ = {isa = PBXBuildFile; fileRef = 18DDAD141F30CFED00970B8A /* HQNavigationController.swift */; };
		18DDAD1C1F30CFF700970B8A /* HQPartCell.swift in Sources */ = {isa = PBXBuildFile; fileRef = 18DDAD181F30CFF700970B8A /* HQPartCell.swift */; };
		18DDAD1D1F30CFF700970B8A /* HQPartCollectionView.swift in Sources */ = {isa = PBXBuildFile; fileRef = 18DDAD191F30CFF700970B8A /* HQPartCollectionView.swift */; };
		18DDAD1E1F30CFF700970B8A /* HQPartViewLayout.swift in Sources */ = {isa = PBXBuildFile; fileRef = 18DDAD1A1F30CFF700970B8A /* HQPartViewLayout.swift */; };
		18DDAD1F1F30CFF700970B8A /* part.json in Resources */ = {isa = PBXBuildFile; fileRef = 18DDAD1B1F30CFF700970B8A /* part.json */; };
		18DDAD211F30D00700970B8A /* HQDemoViewController.swift in Sources */ = {isa = PBXBuildFile; fileRef = 18DDAD201F30D00700970B8A /* HQDemoViewController.swift */; };
		18DDAD271F30D01E00970B8A /* HQForgetPasswordController.swift in Sources */ = {isa = PBXBuildFile; fileRef = 18DDAD221F30D01E00970B8A /* HQForgetPasswordController.swift */; };
		18DDAD281F30D01E00970B8A /* HQForgetPasswordSecondController.swift in Sources */ = {isa = PBXBuildFile; fileRef = 18DDAD231F30D01E00970B8A /* HQForgetPasswordSecondController.swift */; };
		18DDAD291F30D01E00970B8A /* HQLoginController.swift in Sources */ = {isa = PBXBuildFile; fileRef = 18DDAD241F30D01E00970B8A /* HQLoginController.swift */; };
		18DDAD2A1F30D01E00970B8A /* HQRegisteController.swift in Sources */ = {isa = PBXBuildFile; fileRef = 18DDAD251F30D01E00970B8A /* HQRegisteController.swift */; };
		18DDAD2B1F30D01E00970B8A /* HQRegisteSecondController.swift in Sources */ = {isa = PBXBuildFile; fileRef = 18DDAD261F30D01E00970B8A /* HQRegisteSecondController.swift */; };
		18DDAD321F30D05E00970B8A /* HQACell.swift in Sources */ = {isa = PBXBuildFile; fileRef = 18DDAD301F30D05E00970B8A /* HQACell.swift */; };
		18DDAD331F30D05E00970B8A /* HQAViewController.swift in Sources */ = {isa = PBXBuildFile; fileRef = 18DDAD311F30D05E00970B8A /* HQAViewController.swift */; };
		18DDAD351F30D08F00970B8A /* HQBViewController.swift in Sources */ = {isa = PBXBuildFile; fileRef = 18DDAD341F30D08F00970B8A /* HQBViewController.swift */; };
		18DDAD371F30D09A00970B8A /* HQCViewController.swift in Sources */ = {isa = PBXBuildFile; fileRef = 18DDAD361F30D09A00970B8A /* HQCViewController.swift */; };
		18DDAD391F30D0A900970B8A /* HQDViewController.swift in Sources */ = {isa = PBXBuildFile; fileRef = 18DDAD381F30D0A900970B8A /* HQDViewController.swift */; };
		18DDAD3B1F30D0B400970B8A /* HQEViewController.swift in Sources */ = {isa = PBXBuildFile; fileRef = 18DDAD3A1F30D0B400970B8A /* HQEViewController.swift */; };
		18DDAD3D1F30D0C000970B8A /* HQFViewController.swift in Sources */ = {isa = PBXBuildFile; fileRef = 18DDAD3C1F30D0C000970B8A /* HQFViewController.swift */; };
		18DDAD3F1F30D0C900970B8A /* HQGViewController.swift in Sources */ = {isa = PBXBuildFile; fileRef = 18DDAD3E1F30D0C900970B8A /* HQGViewController.swift */; };
		18DDAD411F30D0D200970B8A /* HQHViewController.swift in Sources */ = {isa = PBXBuildFile; fileRef = 18DDAD401F30D0D200970B8A /* HQHViewController.swift */; };
		18DDAD431F30D0DD00970B8A /* HQIViewController.swift in Sources */ = {isa = PBXBuildFile; fileRef = 18DDAD421F30D0DD00970B8A /* HQIViewController.swift */; };
		18DDAD451F30D0E600970B8A /* HQJViewController.swift in Sources */ = {isa = PBXBuildFile; fileRef = 18DDAD441F30D0E600970B8A /* HQJViewController.swift */; };
		18DDAD471F30D0FB00970B8A /* HQKViewController.swift in Sources */ = {isa = PBXBuildFile; fileRef = 18DDAD461F30D0FB00970B8A /* HQKViewController.swift */; };
		18E91EED1F341D72005B5C66 /* HQADetailController.swift in Sources */ = {isa = PBXBuildFile; fileRef = 18E91EEC1F341D72005B5C66 /* HQADetailController.swift */; };
		18E91EEF1F344A31005B5C66 /* HQADetaiCell.swift in Sources */ = {isa = PBXBuildFile; fileRef = 18E91EEE1F344A31005B5C66 /* HQADetaiCell.swift */; };
		3C367367431C189CF69239D0 /* Pods_TianYuFly.framework in Frameworks */ = {isa = PBXBuildFile; fileRef = 19320E539E743654C2786C87 /* Pods_TianYuFly.framework */; };
/* End PBXBuildFile section */

/* Begin PBXFileReference section */
		1833E7641F30117A0002D886 /* HQUserAccount.swift */ = {isa = PBXFileReference; fileEncoding = 4; lastKnownFileType = sourcecode.swift; path = HQUserAccount.swift; sourceTree = "<group>"; };
		1833E7651F30117A0002D886 /* userAccount.json */ = {isa = PBXFileReference; fileEncoding = 4; lastKnownFileType = text.json; path = userAccount.json; sourceTree = "<group>"; };
		184446661F288D24006BF41B /* TianYuFly.app */ = {isa = PBXFileReference; explicitFileType = wrapper.application; includeInIndex = 0; path = TianYuFly.app; sourceTree = BUILT_PRODUCTS_DIR; };
		184446691F288D24006BF41B /* AppDelegate.swift */ = {isa = PBXFileReference; lastKnownFileType = sourcecode.swift; path = AppDelegate.swift; sourceTree = "<group>"; };
		184446701F288D24006BF41B /* Assets.xcassets */ = {isa = PBXFileReference; lastKnownFileType = folder.assetcatalog; path = Assets.xcassets; sourceTree = "<group>"; };
		184446751F288D24006BF41B /* Info.plist */ = {isa = PBXFileReference; lastKnownFileType = text.plist.xml; path = Info.plist; sourceTree = "<group>"; };
		18894D561F398F240093BB1C /* HQLoginBaseController.swift */ = {isa = PBXFileReference; fileEncoding = 4; lastKnownFileType = sourcecode.swift; path = HQLoginBaseController.swift; sourceTree = "<group>"; };
		18A896BE1F32B6600064213B /* HQPath.swift */ = {isa = PBXFileReference; fileEncoding = 4; lastKnownFileType = sourcecode.swift; path = HQPath.swift; sourceTree = "<group>"; };
		18A896C21F33199B0064213B /* HQAModel.swift */ = {isa = PBXFileReference; fileEncoding = 4; lastKnownFileType = sourcecode.swift; path = HQAModel.swift; sourceTree = "<group>"; };
		18A896C61F331ED30064213B /* HQAaModel.swift */ = {isa = PBXFileReference; fileEncoding = 4; lastKnownFileType = sourcecode.swift; path = HQAaModel.swift; sourceTree = "<group>"; };
		18A896C81F3322730064213B /* HQAViewModel.swift */ = {isa = PBXFileReference; fileEncoding = 4; lastKnownFileType = sourcecode.swift; path = HQAViewModel.swift; sourceTree = "<group>"; };
		18C85F911F380FE500D6C620 /* HQCCell.swift */ = {isa = PBXFileReference; fileEncoding = 4; lastKnownFileType = sourcecode.swift; path = HQCCell.swift; sourceTree = "<group>"; };
		18C85F931F38397300D6C620 /* HQCModel.swift */ = {isa = PBXFileReference; fileEncoding = 4; lastKnownFileType = sourcecode.swift; path = HQCModel.swift; sourceTree = "<group>"; };
		18C85F951F3839DD00D6C620 /* HQCViewModel.swift */ = {isa = PBXFileReference; fileEncoding = 4; lastKnownFileType = sourcecode.swift; path = HQCViewModel.swift; sourceTree = "<group>"; };
		18C85F971F385BC500D6C620 /* HQCListViewModel.swift */ = {isa = PBXFileReference; fileEncoding = 4; lastKnownFileType = sourcecode.swift; path = HQCListViewModel.swift; sourceTree = "<group>"; };
		18C85F991F3868D200D6C620 /* HQAListViewModel.swift */ = {isa = PBXFileReference; fileEncoding = 4; lastKnownFileType = sourcecode.swift; path = HQAListViewModel.swift; sourceTree = "<group>"; };
		18C85F9B1F386A7900D6C620 /* HQCDetailViewController.swift */ = {isa = PBXFileReference; fileEncoding = 4; lastKnownFileType = sourcecode.swift; path = HQCDetailViewController.swift; sourceTree = "<group>"; };
		18C85F9D1F386AAB00D6C620 /* HQCDetailCell.swift */ = {isa = PBXFileReference; fileEncoding = 4; lastKnownFileType = sourcecode.swift; path = HQCDetailCell.swift; sourceTree = "<group>"; };
		18C96E221F29C9F600774ACE /* HQCommon.swift */ = {isa = PBXFileReference; fileEncoding = 4; lastKnownFileType = sourcecode.swift; path = HQCommon.swift; sourceTree = "<group>"; };
		18C96E241F29C9F600774ACE /* HQBarButtonItem.swift */ = {isa = PBXFileReference; fileEncoding = 4; lastKnownFileType = sourcecode.swift; path = HQBarButtonItem.swift; sourceTree = "<group>"; };
		18C96E251F29C9F600774ACE /* HQBundle.swift */ = {isa = PBXFileReference; fileEncoding = 4; lastKnownFileType = sourcecode.swift; path = HQBundle.swift; sourceTree = "<group>"; };
		18C96E261F29C9F600774ACE /* HQButton.swift */ = {isa = PBXFileReference; fileEncoding = 4; lastKnownFileType = sourcecode.swift; path = HQButton.swift; sourceTree = "<group>"; };
		18C96E271F29C9F600774ACE /* HQColor.swift */ = {isa = PBXFileReference; fileEncoding = 4; lastKnownFileType = sourcecode.swift; path = HQColor.swift; sourceTree = "<group>"; };
		18C96E281F29C9F600774ACE /* HQImage.swift */ = {isa = PBXFileReference; fileEncoding = 4; lastKnownFileType = sourcecode.swift; path = HQImage.swift; sourceTree = "<group>"; };
		18C96E291F29C9F600774ACE /* HQImageView.swift */ = {isa = PBXFileReference; fileEncoding = 4; lastKnownFileType = sourcecode.swift; path = HQImageView.swift; sourceTree = "<group>"; };
		18C96E2A1F29C9F600774ACE /* HQLable.swift */ = {isa = PBXFileReference; fileEncoding = 4; lastKnownFileType = sourcecode.swift; path = HQLable.swift; sourceTree = "<group>"; };
		18C96E2B1F29C9F600774ACE /* HQScreen.swift */ = {isa = PBXFileReference; fileEncoding = 4; lastKnownFileType = sourcecode.swift; path = HQScreen.swift; sourceTree = "<group>"; };
		18C96E2C1F29C9F600774ACE /* HQTextField.swift */ = {isa = PBXFileReference; fileEncoding = 4; lastKnownFileType = sourcecode.swift; path = HQTextField.swift; sourceTree = "<group>"; };
		18C96E2E1F29C9F600774ACE /* HQNetWorkManager+Extension.swift */ = {isa = PBXFileReference; fileEncoding = 4; lastKnownFileType = sourcecode.swift; path = "HQNetWorkManager+Extension.swift"; sourceTree = "<group>"; };
		18C96E2F1F29C9F600774ACE /* HQNetWorkManager.swift */ = {isa = PBXFileReference; fileEncoding = 4; lastKnownFileType = sourcecode.swift; path = HQNetWorkManager.swift; sourceTree = "<group>"; };
		18D82A401F3A9C5800CD95BC /* HQICell.swift */ = {isa = PBXFileReference; fileEncoding = 4; lastKnownFileType = sourcecode.swift; path = HQICell.swift; sourceTree = "<group>"; };
		18D8CC311F3A00990094E1DA /* trainguide.html */ = {isa = PBXFileReference; fileEncoding = 4; lastKnownFileType = text.html; path = trainguide.html; sourceTree = "<group>"; };
		18D8CC331F3A047A0094E1DA /* HQJCell.swift */ = {isa = PBXFileReference; fileEncoding = 4; lastKnownFileType = sourcecode.swift; path = HQJCell.swift; sourceTree = "<group>"; };
		18DDAD121F30CFED00970B8A /* HQBaseViewController.swift */ = {isa = PBXFileReference; fileEncoding = 4; lastKnownFileType = sourcecode.swift; path = HQBaseViewController.swift; sourceTree = "<group>"; };
		18DDAD131F30CFED00970B8A /* HQMainViewController.swift */ = {isa = PBXFileReference; fileEncoding = 4; lastKnownFileType = sourcecode.swift; path = HQMainViewController.swift; sourceTree = "<group>"; };
		18DDAD141F30CFED00970B8A /* HQNavigationController.swift */ = {isa = PBXFileReference; fileEncoding = 4; lastKnownFileType = sourcecode.swift; path = HQNavigationController.swift; sourceTree = "<group>"; };
		18DDAD181F30CFF700970B8A /* HQPartCell.swift */ = {isa = PBXFileReference; fileEncoding = 4; lastKnownFileType = sourcecode.swift; path = HQPartCell.swift; sourceTree = "<group>"; };
		18DDAD191F30CFF700970B8A /* HQPartCollectionView.swift */ = {isa = PBXFileReference; fileEncoding = 4; lastKnownFileType = sourcecode.swift; path = HQPartCollectionView.swift; sourceTree = "<group>"; };
		18DDAD1A1F30CFF700970B8A /* HQPartViewLayout.swift */ = {isa = PBXFileReference; fileEncoding = 4; lastKnownFileType = sourcecode.swift; path = HQPartViewLayout.swift; sourceTree = "<group>"; };
		18DDAD1B1F30CFF700970B8A /* part.json */ = {isa = PBXFileReference; fileEncoding = 4; lastKnownFileType = text.json; path = part.json; sourceTree = "<group>"; };
		18DDAD201F30D00700970B8A /* HQDemoViewController.swift */ = {isa = PBXFileReference; fileEncoding = 4; lastKnownFileType = sourcecode.swift; path = HQDemoViewController.swift; sourceTree = "<group>"; };
		18DDAD221F30D01E00970B8A /* HQForgetPasswordController.swift */ = {isa = PBXFileReference; fileEncoding = 4; lastKnownFileType = sourcecode.swift; path = HQForgetPasswordController.swift; sourceTree = "<group>"; };
		18DDAD231F30D01E00970B8A /* HQForgetPasswordSecondController.swift */ = {isa = PBXFileReference; fileEncoding = 4; lastKnownFileType = sourcecode.swift; path = HQForgetPasswordSecondController.swift; sourceTree = "<group>"; };
		18DDAD241F30D01E00970B8A /* HQLoginController.swift */ = {isa = PBXFileReference; fileEncoding = 4; lastKnownFileType = sourcecode.swift; path = HQLoginController.swift; sourceTree = "<group>"; };
		18DDAD251F30D01E00970B8A /* HQRegisteController.swift */ = {isa = PBXFileReference; fileEncoding = 4; lastKnownFileType = sourcecode.swift; path = HQRegisteController.swift; sourceTree = "<group>"; };
		18DDAD261F30D01E00970B8A /* HQRegisteSecondController.swift */ = {isa = PBXFileReference; fileEncoding = 4; lastKnownFileType = sourcecode.swift; path = HQRegisteSecondController.swift; sourceTree = "<group>"; };
		18DDAD301F30D05E00970B8A /* HQACell.swift */ = {isa = PBXFileReference; fileEncoding = 4; lastKnownFileType = sourcecode.swift; path = HQACell.swift; sourceTree = "<group>"; };
		18DDAD311F30D05E00970B8A /* HQAViewController.swift */ = {isa = PBXFileReference; fileEncoding = 4; lastKnownFileType = sourcecode.swift; path = HQAViewController.swift; sourceTree = "<group>"; };
		18DDAD341F30D08F00970B8A /* HQBViewController.swift */ = {isa = PBXFileReference; fileEncoding = 4; lastKnownFileType = sourcecode.swift; path = HQBViewController.swift; sourceTree = "<group>"; };
		18DDAD361F30D09A00970B8A /* HQCViewController.swift */ = {isa = PBXFileReference; fileEncoding = 4; lastKnownFileType = sourcecode.swift; path = HQCViewController.swift; sourceTree = "<group>"; };
		18DDAD381F30D0A900970B8A /* HQDViewController.swift */ = {isa = PBXFileReference; fileEncoding = 4; lastKnownFileType = sourcecode.swift; path = HQDViewController.swift; sourceTree = "<group>"; };
		18DDAD3A1F30D0B400970B8A /* HQEViewController.swift */ = {isa = PBXFileReference; fileEncoding = 4; lastKnownFileType = sourcecode.swift; path = HQEViewController.swift; sourceTree = "<group>"; };
		18DDAD3C1F30D0C000970B8A /* HQFViewController.swift */ = {isa = PBXFileReference; fileEncoding = 4; lastKnownFileType = sourcecode.swift; path = HQFViewController.swift; sourceTree = "<group>"; };
		18DDAD3E1F30D0C900970B8A /* HQGViewController.swift */ = {isa = PBXFileReference; fileEncoding = 4; lastKnownFileType = sourcecode.swift; path = HQGViewController.swift; sourceTree = "<group>"; };
		18DDAD401F30D0D200970B8A /* HQHViewController.swift */ = {isa = PBXFileReference; fileEncoding = 4; lastKnownFileType = sourcecode.swift; path = HQHViewController.swift; sourceTree = "<group>"; };
		18DDAD421F30D0DD00970B8A /* HQIViewController.swift */ = {isa = PBXFileReference; fileEncoding = 4; lastKnownFileType = sourcecode.swift; path = HQIViewController.swift; sourceTree = "<group>"; };
		18DDAD441F30D0E600970B8A /* HQJViewController.swift */ = {isa = PBXFileReference; fileEncoding = 4; lastKnownFileType = sourcecode.swift; path = HQJViewController.swift; sourceTree = "<group>"; };
		18DDAD461F30D0FB00970B8A /* HQKViewController.swift */ = {isa = PBXFileReference; fileEncoding = 4; lastKnownFileType = sourcecode.swift; path = HQKViewController.swift; sourceTree = "<group>"; };
		18E91EEC1F341D72005B5C66 /* HQADetailController.swift */ = {isa = PBXFileReference; fileEncoding = 4; lastKnownFileType = sourcecode.swift; path = HQADetailController.swift; sourceTree = "<group>"; };
		18E91EEE1F344A31005B5C66 /* HQADetaiCell.swift */ = {isa = PBXFileReference; fileEncoding = 4; lastKnownFileType = sourcecode.swift; path = HQADetaiCell.swift; sourceTree = "<group>"; };
		19320E539E743654C2786C87 /* Pods_TianYuFly.framework */ = {isa = PBXFileReference; explicitFileType = wrapper.framework; includeInIndex = 0; path = Pods_TianYuFly.framework; sourceTree = BUILT_PRODUCTS_DIR; };
		6C11E7DBDF884B3E67DB2EC5 /* Pods-TianYuFly.release.xcconfig */ = {isa = PBXFileReference; includeInIndex = 1; lastKnownFileType = text.xcconfig; name = "Pods-TianYuFly.release.xcconfig"; path = "Pods/Target Support Files/Pods-TianYuFly/Pods-TianYuFly.release.xcconfig"; sourceTree = "<group>"; };
		90D6F2B2B57E314D7A08CDD0 /* Pods-TianYuFly.debug.xcconfig */ = {isa = PBXFileReference; includeInIndex = 1; lastKnownFileType = text.xcconfig; name = "Pods-TianYuFly.debug.xcconfig"; path = "Pods/Target Support Files/Pods-TianYuFly/Pods-TianYuFly.debug.xcconfig"; sourceTree = "<group>"; };
/* End PBXFileReference section */

/* Begin PBXFrameworksBuildPhase section */
		184446631F288D24006BF41B /* Frameworks */ = {
			isa = PBXFrameworksBuildPhase;
			buildActionMask = 2147483647;
			files = (
				3C367367431C189CF69239D0 /* Pods_TianYuFly.framework in Frameworks */,
			);
			runOnlyForDeploymentPostprocessing = 0;
		};
/* End PBXFrameworksBuildPhase section */

/* Begin PBXGroup section */
		03599D3C05E22DE97B99CA26 /* Frameworks */ = {
			isa = PBXGroup;
			children = (
				19320E539E743654C2786C87 /* Pods_TianYuFly.framework */,
			);
			name = Frameworks;
			sourceTree = "<group>";
		};
		1833E7631F3011630002D886 /* Model */ = {
			isa = PBXGroup;
			children = (
				1833E7641F30117A0002D886 /* HQUserAccount.swift */,
				1833E7651F30117A0002D886 /* userAccount.json */,
			);
			path = Model;
			sourceTree = "<group>";
		};
		1844465D1F288D24006BF41B = {
			isa = PBXGroup;
			children = (
				184446681F288D24006BF41B /* TianYuFly */,
				184446671F288D24006BF41B /* Products */,
				B0AAB94D6D27E91502D0E66A /* Pods */,
				03599D3C05E22DE97B99CA26 /* Frameworks */,
			);
			sourceTree = "<group>";
		};
		184446671F288D24006BF41B /* Products */ = {
			isa = PBXGroup;
			children = (
				184446661F288D24006BF41B /* TianYuFly.app */,
			);
			name = Products;
			sourceTree = "<group>";
		};
		184446681F288D24006BF41B /* TianYuFly */ = {
			isa = PBXGroup;
			children = (
				18C96E1D1F29C9F600774ACE /* Classes */,
				184446691F288D24006BF41B /* AppDelegate.swift */,
				184446701F288D24006BF41B /* Assets.xcassets */,
				184446751F288D24006BF41B /* Info.plist */,
			);
			path = TianYuFly;
			sourceTree = "<group>";
		};
		18C96E1D1F29C9F600774ACE /* Classes */ = {
			isa = PBXGroup;
			children = (
				18DDAD0C1F30CF8D00970B8A /* Main */,
				18DDAD081F30CF8D00970B8A /* Login */,
				18DDACDC1F30CF8D00970B8A /* A(吃住行) */,
				18DDACE01F30CF8D00970B8A /* B(训练计划) */,
				18DDACE41F30CF8D00970B8A /* C(消息) */,
				18DDACE81F30CF8D00970B8A /* D(在线学习) */,
				18DDACEC1F30CF8D00970B8A /* E(训练记录上传) */,
				18DDACF01F30CF8D00970B8A /* F(满意度调查) */,
				18DDACF41F30CF8D00970B8A /* G(考试成绩) */,
				18DDACF81F30CF8D00970B8A /* H(我的信息) */,
				18DDACFC1F30CF8D00970B8A /* I(系统设置) */,
				18DDAD001F30CF8D00970B8A /* J(关于我们) */,
				18DDAD041F30CF8D00970B8A /* K(训练指南) */,
				18C96E201F29C9F600774ACE /* Tools */,
			);
			path = Classes;
			sourceTree = "<group>";
		};
		18C96E201F29C9F600774ACE /* Tools */ = {
			isa = PBXGroup;
			children = (
				18C96E2D1F29C9F600774ACE /* Network */,
				18C96E231F29C9F600774ACE /* Extensions */,
				18C96E211F29C9F600774ACE /* Common */,
			);
			path = Tools;
			sourceTree = "<group>";
		};
		18C96E211F29C9F600774ACE /* Common */ = {
			isa = PBXGroup;
			children = (
				18C96E221F29C9F600774ACE /* HQCommon.swift */,
			);
			path = Common;
			sourceTree = "<group>";
		};
		18C96E231F29C9F600774ACE /* Extensions */ = {
			isa = PBXGroup;
			children = (
				18C96E251F29C9F600774ACE /* HQBundle.swift */,
				18C96E271F29C9F600774ACE /* HQColor.swift */,
				18C96E2B1F29C9F600774ACE /* HQScreen.swift */,
				18C96E241F29C9F600774ACE /* HQBarButtonItem.swift */,
				18C96E261F29C9F600774ACE /* HQButton.swift */,
				18C96E291F29C9F600774ACE /* HQImageView.swift */,
				18C96E281F29C9F600774ACE /* HQImage.swift */,
				18C96E2A1F29C9F600774ACE /* HQLable.swift */,
				18C96E2C1F29C9F600774ACE /* HQTextField.swift */,
				18A896BE1F32B6600064213B /* HQPath.swift */,
			);
			path = Extensions;
			sourceTree = "<group>";
		};
		18C96E2D1F29C9F600774ACE /* Network */ = {
			isa = PBXGroup;
			children = (
				18C96E2F1F29C9F600774ACE /* HQNetWorkManager.swift */,
				18C96E2E1F29C9F600774ACE /* HQNetWorkManager+Extension.swift */,
				1833E7631F3011630002D886 /* Model */,
			);
			path = Network;
			sourceTree = "<group>";
		};
		18DDACDC1F30CF8D00970B8A /* A(吃住行) */ = {
			isa = PBXGroup;
			children = (
				18DDACDD1F30CF8D00970B8A /* Model */,
				18DDACDE1F30CF8D00970B8A /* View */,
				18DDACDF1F30CF8D00970B8A /* ViewModel */,
			);
			name = "A(吃住行)";
			path = A;
			sourceTree = "<group>";
		};
		18DDACDD1F30CF8D00970B8A /* Model */ = {
			isa = PBXGroup;
			children = (
				18A896C21F33199B0064213B /* HQAModel.swift */,
				18A896C61F331ED30064213B /* HQAaModel.swift */,
			);
			path = Model;
			sourceTree = "<group>";
		};
		18DDACDE1F30CF8D00970B8A /* View */ = {
			isa = PBXGroup;
			children = (
				18DDAD311F30D05E00970B8A /* HQAViewController.swift */,
				18DDAD301F30D05E00970B8A /* HQACell.swift */,
				18E91EEC1F341D72005B5C66 /* HQADetailController.swift */,
				18E91EEE1F344A31005B5C66 /* HQADetaiCell.swift */,
			);
			path = View;
			sourceTree = "<group>";
		};
		18DDACDF1F30CF8D00970B8A /* ViewModel */ = {
			isa = PBXGroup;
			children = (
				18C85F991F3868D200D6C620 /* HQAListViewModel.swift */,
				18A896C81F3322730064213B /* HQAViewModel.swift */,
			);
			path = ViewModel;
			sourceTree = "<group>";
		};
		18DDACE01F30CF8D00970B8A /* B(训练计划) */ = {
			isa = PBXGroup;
			children = (
				18DDACE11F30CF8D00970B8A /* Model */,
				18DDACE21F30CF8D00970B8A /* View */,
				18DDACE31F30CF8D00970B8A /* ViewModel */,
			);
			name = "B(训练计划)";
			path = B;
			sourceTree = "<group>";
		};
		18DDACE11F30CF8D00970B8A /* Model */ = {
			isa = PBXGroup;
			children = (
			);
			path = Model;
			sourceTree = "<group>";
		};
		18DDACE21F30CF8D00970B8A /* View */ = {
			isa = PBXGroup;
			children = (
				18DDAD341F30D08F00970B8A /* HQBViewController.swift */,
			);
			path = View;
			sourceTree = "<group>";
		};
		18DDACE31F30CF8D00970B8A /* ViewModel */ = {
			isa = PBXGroup;
			children = (
			);
			path = ViewModel;
			sourceTree = "<group>";
		};
		18DDACE41F30CF8D00970B8A /* C(消息) */ = {
			isa = PBXGroup;
			children = (
				18DDACE51F30CF8D00970B8A /* Model */,
				18DDACE61F30CF8D00970B8A /* View */,
				18DDACE71F30CF8D00970B8A /* ViewModel */,
			);
			name = "C(消息)";
			path = C;
			sourceTree = "<group>";
		};
		18DDACE51F30CF8D00970B8A /* Model */ = {
			isa = PBXGroup;
			children = (
				18C85F931F38397300D6C620 /* HQCModel.swift */,
			);
			path = Model;
			sourceTree = "<group>";
		};
		18DDACE61F30CF8D00970B8A /* View */ = {
			isa = PBXGroup;
			children = (
				18DDAD361F30D09A00970B8A /* HQCViewController.swift */,
				18C85F911F380FE500D6C620 /* HQCCell.swift */,
				18C85F9B1F386A7900D6C620 /* HQCDetailViewController.swift */,
				18C85F9D1F386AAB00D6C620 /* HQCDetailCell.swift */,
			);
			path = View;
			sourceTree = "<group>";
		};
		18DDACE71F30CF8D00970B8A /* ViewModel */ = {
			isa = PBXGroup;
			children = (
				18C85F971F385BC500D6C620 /* HQCListViewModel.swift */,
				18C85F951F3839DD00D6C620 /* HQCViewModel.swift */,
			);
			path = ViewModel;
			sourceTree = "<group>";
		};
		18DDACE81F30CF8D00970B8A /* D(在线学习) */ = {
			isa = PBXGroup;
			children = (
				18DDACE91F30CF8D00970B8A /* Model */,
				18DDACEA1F30CF8D00970B8A /* View */,
				18DDACEB1F30CF8D00970B8A /* ViewModel */,
			);
			name = "D(在线学习)";
			path = D;
			sourceTree = "<group>";
		};
		18DDACE91F30CF8D00970B8A /* Model */ = {
			isa = PBXGroup;
			children = (
			);
			path = Model;
			sourceTree = "<group>";
		};
		18DDACEA1F30CF8D00970B8A /* View */ = {
			isa = PBXGroup;
			children = (
				18DDAD381F30D0A900970B8A /* HQDViewController.swift */,
			);
			path = View;
			sourceTree = "<group>";
		};
		18DDACEB1F30CF8D00970B8A /* ViewModel */ = {
			isa = PBXGroup;
			children = (
			);
			path = ViewModel;
			sourceTree = "<group>";
		};
		18DDACEC1F30CF8D00970B8A /* E(训练记录上传) */ = {
			isa = PBXGroup;
			children = (
				18DDACED1F30CF8D00970B8A /* Model */,
				18DDACEE1F30CF8D00970B8A /* View */,
				18DDACEF1F30CF8D00970B8A /* ViewModel */,
			);
			name = "E(训练记录上传)";
			path = E;
			sourceTree = "<group>";
		};
		18DDACED1F30CF8D00970B8A /* Model */ = {
			isa = PBXGroup;
			children = (
			);
			path = Model;
			sourceTree = "<group>";
		};
		18DDACEE1F30CF8D00970B8A /* View */ = {
			isa = PBXGroup;
			children = (
				18DDAD3A1F30D0B400970B8A /* HQEViewController.swift */,
			);
			path = View;
			sourceTree = "<group>";
		};
		18DDACEF1F30CF8D00970B8A /* ViewModel */ = {
			isa = PBXGroup;
			children = (
			);
			path = ViewModel;
			sourceTree = "<group>";
		};
		18DDACF01F30CF8D00970B8A /* F(满意度调查) */ = {
			isa = PBXGroup;
			children = (
				18DDACF11F30CF8D00970B8A /* Model */,
				18DDACF21F30CF8D00970B8A /* View */,
				18DDACF31F30CF8D00970B8A /* ViewModel */,
			);
			name = "F(满意度调查)";
			path = F;
			sourceTree = "<group>";
		};
		18DDACF11F30CF8D00970B8A /* Model */ = {
			isa = PBXGroup;
			children = (
			);
			path = Model;
			sourceTree = "<group>";
		};
		18DDACF21F30CF8D00970B8A /* View */ = {
			isa = PBXGroup;
			children = (
				18DDAD3C1F30D0C000970B8A /* HQFViewController.swift */,
			);
			path = View;
			sourceTree = "<group>";
		};
		18DDACF31F30CF8D00970B8A /* ViewModel */ = {
			isa = PBXGroup;
			children = (
			);
			path = ViewModel;
			sourceTree = "<group>";
		};
		18DDACF41F30CF8D00970B8A /* G(考试成绩) */ = {
			isa = PBXGroup;
			children = (
				18DDACF51F30CF8D00970B8A /* Model */,
				18DDACF61F30CF8D00970B8A /* View */,
				18DDACF71F30CF8D00970B8A /* ViewModel */,
			);
			name = "G(考试成绩)";
			path = G;
			sourceTree = "<group>";
		};
		18DDACF51F30CF8D00970B8A /* Model */ = {
			isa = PBXGroup;
			children = (
			);
			path = Model;
			sourceTree = "<group>";
		};
		18DDACF61F30CF8D00970B8A /* View */ = {
			isa = PBXGroup;
			children = (
				18DDAD3E1F30D0C900970B8A /* HQGViewController.swift */,
			);
			path = View;
			sourceTree = "<group>";
		};
		18DDACF71F30CF8D00970B8A /* ViewModel */ = {
			isa = PBXGroup;
			children = (
			);
			path = ViewModel;
			sourceTree = "<group>";
		};
		18DDACF81F30CF8D00970B8A /* H(我的信息) */ = {
			isa = PBXGroup;
			children = (
				18DDACF91F30CF8D00970B8A /* Model */,
				18DDACFA1F30CF8D00970B8A /* View */,
				18DDACFB1F30CF8D00970B8A /* ViewModel */,
			);
			name = "H(我的信息)";
			path = H;
			sourceTree = "<group>";
		};
		18DDACF91F30CF8D00970B8A /* Model */ = {
			isa = PBXGroup;
			children = (
			);
			path = Model;
			sourceTree = "<group>";
		};
		18DDACFA1F30CF8D00970B8A /* View */ = {
			isa = PBXGroup;
			children = (
				18DDAD401F30D0D200970B8A /* HQHViewController.swift */,
			);
			path = View;
			sourceTree = "<group>";
		};
		18DDACFB1F30CF8D00970B8A /* ViewModel */ = {
			isa = PBXGroup;
			children = (
			);
			path = ViewModel;
			sourceTree = "<group>";
		};
		18DDACFC1F30CF8D00970B8A /* I(系统设置) */ = {
			isa = PBXGroup;
			children = (
				18DDACFD1F30CF8D00970B8A /* Model */,
				18DDACFE1F30CF8D00970B8A /* View */,
				18DDACFF1F30CF8D00970B8A /* ViewModel */,
			);
			name = "I(系统设置)";
			path = I;
			sourceTree = "<group>";
		};
		18DDACFD1F30CF8D00970B8A /* Model */ = {
			isa = PBXGroup;
			children = (
			);
			path = Model;
			sourceTree = "<group>";
		};
		18DDACFE1F30CF8D00970B8A /* View */ = {
			isa = PBXGroup;
			children = (
				18DDAD421F30D0DD00970B8A /* HQIViewController.swift */,
				18D82A401F3A9C5800CD95BC /* HQICell.swift */,
			);
			path = View;
			sourceTree = "<group>";
		};
		18DDACFF1F30CF8D00970B8A /* ViewModel */ = {
			isa = PBXGroup;
			children = (
			);
			path = ViewModel;
			sourceTree = "<group>";
		};
		18DDAD001F30CF8D00970B8A /* J(关于我们) */ = {
			isa = PBXGroup;
			children = (
				18DDAD011F30CF8D00970B8A /* Model */,
				18DDAD021F30CF8D00970B8A /* View */,
				18DDAD031F30CF8D00970B8A /* ViewModel */,
			);
			name = "J(关于我们)";
			path = J;
			sourceTree = "<group>";
		};
		18DDAD011F30CF8D00970B8A /* Model */ = {
			isa = PBXGroup;
			children = (
			);
			path = Model;
			sourceTree = "<group>";
		};
		18DDAD021F30CF8D00970B8A /* View */ = {
			isa = PBXGroup;
			children = (
				18DDAD441F30D0E600970B8A /* HQJViewController.swift */,
				18D8CC331F3A047A0094E1DA /* HQJCell.swift */,
			);
			path = View;
			sourceTree = "<group>";
		};
		18DDAD031F30CF8D00970B8A /* ViewModel */ = {
			isa = PBXGroup;
			children = (
			);
			path = ViewModel;
			sourceTree = "<group>";
		};
		18DDAD041F30CF8D00970B8A /* K(训练指南) */ = {
			isa = PBXGroup;
			children = (
				18DDAD051F30CF8D00970B8A /* Model */,
				18DDAD061F30CF8D00970B8A /* View */,
				18DDAD071F30CF8D00970B8A /* ViewModel */,
			);
			name = "K(训练指南)";
			path = K;
			sourceTree = "<group>";
		};
		18DDAD051F30CF8D00970B8A /* Model */ = {
			isa = PBXGroup;
			children = (
			);
			path = Model;
			sourceTree = "<group>";
		};
		18DDAD061F30CF8D00970B8A /* View */ = {
			isa = PBXGroup;
			children = (
				18DDAD461F30D0FB00970B8A /* HQKViewController.swift */,
			);
			path = View;
			sourceTree = "<group>";
		};
		18DDAD071F30CF8D00970B8A /* ViewModel */ = {
			isa = PBXGroup;
			children = (
				18D8CC311F3A00990094E1DA /* trainguide.html */,
			);
			path = ViewModel;
			sourceTree = "<group>";
		};
		18DDAD081F30CF8D00970B8A /* Login */ = {
			isa = PBXGroup;
			children = (
				18DDAD091F30CF8D00970B8A /* Model */,
				18DDAD0A1F30CF8D00970B8A /* View */,
				18DDAD0B1F30CF8D00970B8A /* ViewModel */,
			);
			path = Login;
			sourceTree = "<group>";
		};
		18DDAD091F30CF8D00970B8A /* Model */ = {
			isa = PBXGroup;
			children = (
			);
			path = Model;
			sourceTree = "<group>";
		};
		18DDAD0A1F30CF8D00970B8A /* View */ = {
			isa = PBXGroup;
			children = (
				18894D561F398F240093BB1C /* HQLoginBaseController.swift */,
				18DDAD241F30D01E00970B8A /* HQLoginController.swift */,
				18DDAD251F30D01E00970B8A /* HQRegisteController.swift */,
				18DDAD261F30D01E00970B8A /* HQRegisteSecondController.swift */,
				18DDAD221F30D01E00970B8A /* HQForgetPasswordController.swift */,
				18DDAD231F30D01E00970B8A /* HQForgetPasswordSecondController.swift */,
			);
			path = View;
			sourceTree = "<group>";
		};
		18DDAD0B1F30CF8D00970B8A /* ViewModel */ = {
			isa = PBXGroup;
			children = (
			);
			path = ViewModel;
			sourceTree = "<group>";
		};
		18DDAD0C1F30CF8D00970B8A /* Main */ = {
			isa = PBXGroup;
			children = (
				18DDAD0D1F30CF8D00970B8A /* Model */,
				18DDAD0E1F30CF8D00970B8A /* View */,
				18DDAD0F1F30CF8D00970B8A /* ViewModel */,
			);
			path = Main;
			sourceTree = "<group>";
		};
		18DDAD0D1F30CF8D00970B8A /* Model */ = {
			isa = PBXGroup;
			children = (
			);
			path = Model;
			sourceTree = "<group>";
		};
		18DDAD0E1F30CF8D00970B8A /* View */ = {
			isa = PBXGroup;
			children = (
				18DDAD131F30CFED00970B8A /* HQMainViewController.swift */,
				18DDAD141F30CFED00970B8A /* HQNavigationController.swift */,
				18DDAD121F30CFED00970B8A /* HQBaseViewController.swift */,
				18DDAD101F30CFDD00970B8A /* Part */,
				18DDAD111F30CFDD00970B8A /* Test */,
			);
			path = View;
			sourceTree = "<group>";
		};
		18DDAD0F1F30CF8D00970B8A /* ViewModel */ = {
			isa = PBXGroup;
			children = (
			);
			path = ViewModel;
			sourceTree = "<group>";
		};
		18DDAD101F30CFDD00970B8A /* Part */ = {
			isa = PBXGroup;
			children = (
				18DDAD191F30CFF700970B8A /* HQPartCollectionView.swift */,
				18DDAD181F30CFF700970B8A /* HQPartCell.swift */,
				18DDAD1A1F30CFF700970B8A /* HQPartViewLayout.swift */,
				18DDAD1B1F30CFF700970B8A /* part.json */,
			);
			path = Part;
			sourceTree = "<group>";
		};
		18DDAD111F30CFDD00970B8A /* Test */ = {
			isa = PBXGroup;
			children = (
				18DDAD201F30D00700970B8A /* HQDemoViewController.swift */,
			);
			path = Test;
			sourceTree = "<group>";
		};
		B0AAB94D6D27E91502D0E66A /* Pods */ = {
			isa = PBXGroup;
			children = (
				90D6F2B2B57E314D7A08CDD0 /* Pods-TianYuFly.debug.xcconfig */,
				6C11E7DBDF884B3E67DB2EC5 /* Pods-TianYuFly.release.xcconfig */,
			);
			name = Pods;
			sourceTree = "<group>";
		};
/* End PBXGroup section */

/* Begin PBXNativeTarget section */
		184446651F288D24006BF41B /* TianYuFly */ = {
			isa = PBXNativeTarget;
			buildConfigurationList = 184446781F288D24006BF41B /* Build configuration list for PBXNativeTarget "TianYuFly" */;
			buildPhases = (
				4982555A811FC23196249F0A /* [CP] Check Pods Manifest.lock */,
				184446621F288D24006BF41B /* Sources */,
				184446631F288D24006BF41B /* Frameworks */,
				184446641F288D24006BF41B /* Resources */,
				06BC78087FF28FFBE0A70984 /* [CP] Embed Pods Frameworks */,
				E8744BBEBA7021045FBA9B08 /* [CP] Copy Pods Resources */,
			);
			buildRules = (
			);
			dependencies = (
			);
			name = TianYuFly;
			productName = TianYuFly;
			productReference = 184446661F288D24006BF41B /* TianYuFly.app */;
			productType = "com.apple.product-type.application";
		};
/* End PBXNativeTarget section */

/* Begin PBXProject section */
		1844465E1F288D24006BF41B /* Project object */ = {
			isa = PBXProject;
			attributes = {
				CLASSPREFIX = HQ;
				LastSwiftUpdateCheck = 0830;
				LastUpgradeCheck = 0830;
				ORGANIZATIONNAME = "王红庆";
				TargetAttributes = {
					184446651F288D24006BF41B = {
						CreatedOnToolsVersion = 8.3.3;
						ProvisioningStyle = Automatic;
					};
				};
			};
			buildConfigurationList = 184446611F288D24006BF41B /* Build configuration list for PBXProject "TianYuFly" */;
			compatibilityVersion = "Xcode 3.2";
			developmentRegion = English;
			hasScannedForEncodings = 0;
			knownRegions = (
				en,
				Base,
			);
			mainGroup = 1844465D1F288D24006BF41B;
			productRefGroup = 184446671F288D24006BF41B /* Products */;
			projectDirPath = "";
			projectRoot = "";
			targets = (
				184446651F288D24006BF41B /* TianYuFly */,
			);
		};
/* End PBXProject section */

/* Begin PBXResourcesBuildPhase section */
		184446641F288D24006BF41B /* Resources */ = {
			isa = PBXResourcesBuildPhase;
			buildActionMask = 2147483647;
			files = (
				1833E7671F30117A0002D886 /* userAccount.json in Resources */,
				184446711F288D24006BF41B /* Assets.xcassets in Resources */,
				18D8CC321F3A00990094E1DA /* trainguide.html in Resources */,
				18DDAD1F1F30CFF700970B8A /* part.json in Resources */,
			);
			runOnlyForDeploymentPostprocessing = 0;
		};
/* End PBXResourcesBuildPhase section */

/* Begin PBXShellScriptBuildPhase section */
		06BC78087FF28FFBE0A70984 /* [CP] Embed Pods Frameworks */ = {
			isa = PBXShellScriptBuildPhase;
			buildActionMask = 2147483647;
			files = (
			);
			inputPaths = (
			);
			name = "[CP] Embed Pods Frameworks";
			outputPaths = (
			);
			runOnlyForDeploymentPostprocessing = 0;
			shellPath = /bin/sh;
			shellScript = "\"${SRCROOT}/Pods/Target Support Files/Pods-TianYuFly/Pods-TianYuFly-frameworks.sh\"\n";
			showEnvVarsInLog = 0;
		};
		4982555A811FC23196249F0A /* [CP] Check Pods Manifest.lock */ = {
			isa = PBXShellScriptBuildPhase;
			buildActionMask = 2147483647;
			files = (
			);
			inputPaths = (
			);
			name = "[CP] Check Pods Manifest.lock";
			outputPaths = (
			);
			runOnlyForDeploymentPostprocessing = 0;
			shellPath = /bin/sh;
			shellScript = "diff \"${PODS_PODFILE_DIR_PATH}/Podfile.lock\" \"${PODS_ROOT}/Manifest.lock\" > /dev/null\nif [ $? != 0 ] ; then\n    # print error to STDERR\n    echo \"error: The sandbox is not in sync with the Podfile.lock. Run 'pod install' or update your CocoaPods installation.\" >&2\n    exit 1\nfi\n";
			showEnvVarsInLog = 0;
		};
		E8744BBEBA7021045FBA9B08 /* [CP] Copy Pods Resources */ = {
			isa = PBXShellScriptBuildPhase;
			buildActionMask = 2147483647;
			files = (
			);
			inputPaths = (
			);
			name = "[CP] Copy Pods Resources";
			outputPaths = (
			);
			runOnlyForDeploymentPostprocessing = 0;
			shellPath = /bin/sh;
			shellScript = "\"${SRCROOT}/Pods/Target Support Files/Pods-TianYuFly/Pods-TianYuFly-resources.sh\"\n";
			showEnvVarsInLog = 0;
		};
/* End PBXShellScriptBuildPhase section */

/* Begin PBXSourcesBuildPhase section */
		184446621F288D24006BF41B /* Sources */ = {
			isa = PBXSourcesBuildPhase;
			buildActionMask = 2147483647;
			files = (
				18DDAD2B1F30D01E00970B8A /* HQRegisteSecondController.swift in Sources */,
				18D8CC341F3A047A0094E1DA /* HQJCell.swift in Sources */,
				18DDAD411F30D0D200970B8A /* HQHViewController.swift in Sources */,
				18C96E511F29C9F600774ACE /* HQNetWorkManager+Extension.swift in Sources */,
				18C85F9A1F3868D200D6C620 /* HQAListViewModel.swift in Sources */,
				18C96E521F29C9F600774ACE /* HQNetWorkManager.swift in Sources */,
				18A896C31F33199B0064213B /* HQAModel.swift in Sources */,
				18DDAD1D1F30CFF700970B8A /* HQPartCollectionView.swift in Sources */,
				18DDAD161F30CFED00970B8A /* HQMainViewController.swift in Sources */,
				18C96E4F1F29C9F600774ACE /* HQScreen.swift in Sources */,
				18C96E491F29C9F600774ACE /* HQBundle.swift in Sources */,
				18DDAD3B1F30D0B400970B8A /* HQEViewController.swift in Sources */,
				18C96E501F29C9F600774ACE /* HQTextField.swift in Sources */,
				18C96E4B1F29C9F600774ACE /* HQColor.swift in Sources */,
				18DDAD291F30D01E00970B8A /* HQLoginController.swift in Sources */,
				18DDAD391F30D0A900970B8A /* HQDViewController.swift in Sources */,
				18D82A411F3A9C5800CD95BC /* HQICell.swift in Sources */,
				18A896BF1F32B6600064213B /* HQPath.swift in Sources */,
				18A896C91F3322730064213B /* HQAViewModel.swift in Sources */,
				18C85F921F380FE500D6C620 /* HQCCell.swift in Sources */,
				18DDAD1C1F30CFF700970B8A /* HQPartCell.swift in Sources */,
				18C96E4A1F29C9F600774ACE /* HQButton.swift in Sources */,
				18DDAD371F30D09A00970B8A /* HQCViewController.swift in Sources */,
				18DDAD1E1F30CFF700970B8A /* HQPartViewLayout.swift in Sources */,
				18C96E4C1F29C9F600774ACE /* HQImage.swift in Sources */,
				18DDAD331F30D05E00970B8A /* HQAViewController.swift in Sources */,
				18DDAD451F30D0E600970B8A /* HQJViewController.swift in Sources */,
				18E91EEF1F344A31005B5C66 /* HQADetaiCell.swift in Sources */,
				18C85F9C1F386A7900D6C620 /* HQCDetailViewController.swift in Sources */,
				18C85F981F385BC500D6C620 /* HQCListViewModel.swift in Sources */,
				18C85F9E1F386AAB00D6C620 /* HQCDetailCell.swift in Sources */,
				18C96E4E1F29C9F600774ACE /* HQLable.swift in Sources */,
				18E91EED1F341D72005B5C66 /* HQADetailController.swift in Sources */,
				18DDAD321F30D05E00970B8A /* HQACell.swift in Sources */,
				18DDAD151F30CFED00970B8A /* HQBaseViewController.swift in Sources */,
				18C96E481F29C9F600774ACE /* HQBarButtonItem.swift in Sources */,
				18DDAD211F30D00700970B8A /* HQDemoViewController.swift in Sources */,
				1833E7661F30117A0002D886 /* HQUserAccount.swift in Sources */,
				18DDAD2A1F30D01E00970B8A /* HQRegisteController.swift in Sources */,
				18DDAD471F30D0FB00970B8A /* HQKViewController.swift in Sources */,
				18C96E4D1F29C9F600774ACE /* HQImageView.swift in Sources */,
				18DDAD431F30D0DD00970B8A /* HQIViewController.swift in Sources */,
				18C85F961F3839DD00D6C620 /* HQCViewModel.swift in Sources */,
				18A896C71F331ED30064213B /* HQAaModel.swift in Sources */,
				18DDAD171F30CFED00970B8A /* HQNavigationController.swift in Sources */,
				18894D571F398F240093BB1C /* HQLoginBaseController.swift in Sources */,
				18DDAD3F1F30D0C900970B8A /* HQGViewController.swift in Sources */,
				18DDAD3D1F30D0C000970B8A /* HQFViewController.swift in Sources */,
				18DDAD281F30D01E00970B8A /* HQForgetPasswordSecondController.swift in Sources */,
				18DDAD351F30D08F00970B8A /* HQBViewController.swift in Sources */,
				18C96E471F29C9F600774ACE /* HQCommon.swift in Sources */,
				18DDAD271F30D01E00970B8A /* HQForgetPasswordController.swift in Sources */,
				18C85F941F38397300D6C620 /* HQCModel.swift in Sources */,
				1844466A1F288D24006BF41B /* AppDelegate.swift in Sources */,
			);
			runOnlyForDeploymentPostprocessing = 0;
		};
/* End PBXSourcesBuildPhase section */

/* Begin XCBuildConfiguration section */
		184446761F288D24006BF41B /* Debug */ = {
			isa = XCBuildConfiguration;
			buildSettings = {
				ALWAYS_SEARCH_USER_PATHS = NO;
				CLANG_ANALYZER_NONNULL = YES;
				CLANG_ANALYZER_NUMBER_OBJECT_CONVERSION = YES_AGGRESSIVE;
				CLANG_CXX_LANGUAGE_STANDARD = "gnu++0x";
				CLANG_CXX_LIBRARY = "libc++";
				CLANG_ENABLE_MODULES = YES;
				CLANG_ENABLE_OBJC_ARC = YES;
				CLANG_WARN_BOOL_CONVERSION = YES;
				CLANG_WARN_CONSTANT_CONVERSION = YES;
				CLANG_WARN_DIRECT_OBJC_ISA_USAGE = YES_ERROR;
				CLANG_WARN_DOCUMENTATION_COMMENTS = YES;
				CLANG_WARN_EMPTY_BODY = YES;
				CLANG_WARN_ENUM_CONVERSION = YES;
				CLANG_WARN_INFINITE_RECURSION = YES;
				CLANG_WARN_INT_CONVERSION = YES;
				CLANG_WARN_OBJC_ROOT_CLASS = YES_ERROR;
				CLANG_WARN_SUSPICIOUS_MOVE = YES;
				CLANG_WARN_UNREACHABLE_CODE = YES;
				CLANG_WARN__DUPLICATE_METHOD_MATCH = YES;
				"CODE_SIGN_IDENTITY[sdk=iphoneos*]" = "iPhone Developer";
				COPY_PHASE_STRIP = NO;
				DEBUG_INFORMATION_FORMAT = dwarf;
				ENABLE_STRICT_OBJC_MSGSEND = YES;
				ENABLE_TESTABILITY = YES;
				GCC_C_LANGUAGE_STANDARD = gnu99;
				GCC_DYNAMIC_NO_PIC = NO;
				GCC_NO_COMMON_BLOCKS = YES;
				GCC_OPTIMIZATION_LEVEL = 0;
				GCC_PREPROCESSOR_DEFINITIONS = (
					"DEBUG=1",
					"$(inherited)",
				);
				GCC_WARN_64_TO_32_BIT_CONVERSION = YES;
				GCC_WARN_ABOUT_RETURN_TYPE = YES_ERROR;
				GCC_WARN_UNDECLARED_SELECTOR = YES;
				GCC_WARN_UNINITIALIZED_AUTOS = YES_AGGRESSIVE;
				GCC_WARN_UNUSED_FUNCTION = YES;
				GCC_WARN_UNUSED_VARIABLE = YES;
				IPHONEOS_DEPLOYMENT_TARGET = 10.3;
				MTL_ENABLE_DEBUG_INFO = YES;
				ONLY_ACTIVE_ARCH = YES;
				SDKROOT = iphoneos;
				SWIFT_ACTIVE_COMPILATION_CONDITIONS = DEBUG;
				SWIFT_OPTIMIZATION_LEVEL = "-Onone";
			};
			name = Debug;
		};
		184446771F288D24006BF41B /* Release */ = {
			isa = XCBuildConfiguration;
			buildSettings = {
				ALWAYS_SEARCH_USER_PATHS = NO;
				CLANG_ANALYZER_NONNULL = YES;
				CLANG_ANALYZER_NUMBER_OBJECT_CONVERSION = YES_AGGRESSIVE;
				CLANG_CXX_LANGUAGE_STANDARD = "gnu++0x";
				CLANG_CXX_LIBRARY = "libc++";
				CLANG_ENABLE_MODULES = YES;
				CLANG_ENABLE_OBJC_ARC = YES;
				CLANG_WARN_BOOL_CONVERSION = YES;
				CLANG_WARN_CONSTANT_CONVERSION = YES;
				CLANG_WARN_DIRECT_OBJC_ISA_USAGE = YES_ERROR;
				CLANG_WARN_DOCUMENTATION_COMMENTS = YES;
				CLANG_WARN_EMPTY_BODY = YES;
				CLANG_WARN_ENUM_CONVERSION = YES;
				CLANG_WARN_INFINITE_RECURSION = YES;
				CLANG_WARN_INT_CONVERSION = YES;
				CLANG_WARN_OBJC_ROOT_CLASS = YES_ERROR;
				CLANG_WARN_SUSPICIOUS_MOVE = YES;
				CLANG_WARN_UNREACHABLE_CODE = YES;
				CLANG_WARN__DUPLICATE_METHOD_MATCH = YES;
				"CODE_SIGN_IDENTITY[sdk=iphoneos*]" = "iPhone Developer";
				COPY_PHASE_STRIP = NO;
				DEBUG_INFORMATION_FORMAT = "dwarf-with-dsym";
				ENABLE_NS_ASSERTIONS = NO;
				ENABLE_STRICT_OBJC_MSGSEND = YES;
				GCC_C_LANGUAGE_STANDARD = gnu99;
				GCC_NO_COMMON_BLOCKS = YES;
				GCC_WARN_64_TO_32_BIT_CONVERSION = YES;
				GCC_WARN_ABOUT_RETURN_TYPE = YES_ERROR;
				GCC_WARN_UNDECLARED_SELECTOR = YES;
				GCC_WARN_UNINITIALIZED_AUTOS = YES_AGGRESSIVE;
				GCC_WARN_UNUSED_FUNCTION = YES;
				GCC_WARN_UNUSED_VARIABLE = YES;
				IPHONEOS_DEPLOYMENT_TARGET = 10.3;
				MTL_ENABLE_DEBUG_INFO = NO;
				SDKROOT = iphoneos;
				SWIFT_OPTIMIZATION_LEVEL = "-Owholemodule";
				VALIDATE_PRODUCT = YES;
			};
			name = Release;
		};
		184446791F288D24006BF41B /* Debug */ = {
			isa = XCBuildConfiguration;
			baseConfigurationReference = 90D6F2B2B57E314D7A08CDD0 /* Pods-TianYuFly.debug.xcconfig */;
			buildSettings = {
				ASSETCATALOG_COMPILER_APPICON_NAME = AppIcon;
				ASSETCATALOG_COMPILER_LAUNCHIMAGE_NAME = LaunchImage;
				INFOPLIST_FILE = TianYuFly/Info.plist;
				IPHONEOS_DEPLOYMENT_TARGET = 8.0;
				LD_RUNPATH_SEARCH_PATHS = "$(inherited) @executable_path/Frameworks";
				PRODUCT_BUNDLE_IDENTIFIER = com.HNAGroup.Unicare.TianYuFly;
				PRODUCT_NAME = "$(TARGET_NAME)";
				SWIFT_VERSION = 3.0;
			};
			name = Debug;
		};
		1844467A1F288D24006BF41B /* Release */ = {
			isa = XCBuildConfiguration;
			baseConfigurationReference = 6C11E7DBDF884B3E67DB2EC5 /* Pods-TianYuFly.release.xcconfig */;
			buildSettings = {
				ASSETCATALOG_COMPILER_APPICON_NAME = AppIcon;
				ASSETCATALOG_COMPILER_LAUNCHIMAGE_NAME = LaunchImage;
				INFOPLIST_FILE = TianYuFly/Info.plist;
				IPHONEOS_DEPLOYMENT_TARGET = 8.0;
				LD_RUNPATH_SEARCH_PATHS = "$(inherited) @executable_path/Frameworks";
				PRODUCT_BUNDLE_IDENTIFIER = com.HNAGroup.Unicare.TianYuFly;
				PRODUCT_NAME = "$(TARGET_NAME)";
				SWIFT_VERSION = 3.0;
			};
			name = Release;
		};
/* End XCBuildConfiguration section */

/* Begin XCConfigurationList section */
		184446611F288D24006BF41B /* Build configuration list for PBXProject "TianYuFly" */ = {
			isa = XCConfigurationList;
			buildConfigurations = (
				184446761F288D24006BF41B /* Debug */,
				184446771F288D24006BF41B /* Release */,
			);
			defaultConfigurationIsVisible = 0;
			defaultConfigurationName = Release;
		};
		184446781F288D24006BF41B /* Build configuration list for PBXNativeTarget "TianYuFly" */ = {
			isa = XCConfigurationList;
			buildConfigurations = (
				184446791F288D24006BF41B /* Debug */,
				1844467A1F288D24006BF41B /* Release */,
			);
			defaultConfigurationIsVisible = 0;
			defaultConfigurationName = Release;
		};
/* End XCConfigurationList section */
	};
	rootObject = 1844465E1F288D24006BF41B /* Project object */;
}
